# This file was autogenerated by uv via the following command:
#    uv export --dev --format=requirements-txt --no-hashes --no-emit-project --output-file=tests/requirements-testing.lock
anyio==4.6.2.post1
    # via watchfiles
colorama==0.4.6 ; sys_platform == 'win32'
    # via pytest
coverage==7.6.7
    # via pytest-cov
exceptiongroup==1.2.2 ; python_full_version < '3.11'
    # via
    #   anyio
    #   pytest
idna==3.10
    # via anyio
ijson==3.3.0
    # via json-arrays
iniconfig==2.0.0
    # via pytest
mypy==1.13.0
mypy-extensions==1.0.0
    # via mypy
packaging==24.2
    # via pytest
pluggy==1.5.0
    # via pytest
py-cpuinfo==9.0.0
    # via pytest-benchmark
pytest==8.3.3
    # via
    #   pytest-benchmark
    #   pytest-cov
    #   syrupy
pytest-benchmark==5.1.0
pytest-cov==6.0.0
ruff==0.7.4
sniffio==1.3.1
    # via anyio
syrupy==4.7.2
tomli==2.1.0 ; python_full_version <= '3.11'
    # via
    #   coverage
    #   mypy
    #   pytest
types-orjson==3.6.2
typing-extensions==4.12.2
    # via
    #   anyio
    #   mypy
watchfiles==0.24.0
